{
  "name": "ludo-game",
  "version": "1.0.0",
  "lockfileVersion": 3,
  "requires": true,
  "packages": {
    "": {
      "name": "ludo-game",
      "version": "1.0.0",
      "dependencies": {
        "react": "18.2.0",
        "react-native": "0.71.13",
        "expo": "~48.0.0",
        "expo-status-bar": "~1.4.4"
      }
    },
    "node_modules/react": {
      "version": "18.2.0",
      "resolved": "https://registry.npmjs.org/react/-/react-18.2.0.tgz",
      "integrity": "sha512-/3IjMdb2cLG7Ama2+dS0W8nrNRoq730GEc/5sgshP33LfS1i6CNvL5Oj0ea rEiLNv7ioeO7lDAiRejXEo500pA=="
    },
    "node_modules/react-native": {
      "version": "0.71.13",
      "resolved": "https://registry.npmjs.org/react-native/-/react-native-0.71.13.tgz",
      "integrity": "sha512-TRLccH6R7A9InFvMcBqWO3hvkMhVtacdMb6pZkK8gKt8hZDdq4RmM5uVMBHQkGZMbmq2xRWw3oqpX1j6LfwPqw=="
    },
    "node_modules/expo": {
      "version": "48.0.21",
      "resolved": "https://registry.npmjs.org/expo/-/expo-48.0.21.tgz",
      "integrity": "sha512-vLqGM8yC7K7T/gQvDh9OEXL8HhW8pOzO2dKzsBJfPwS1iuZKA3rI2B5S/1L1cKq1FwXKGqfKPPxqPkNXJ3Uaw=="
    },
    "node_modules/expo-status-bar": {
      "version": "1.4.4",
      "resolved": "https://registry.npmjs.org/expo-status-bar/-/expo-status-bar-1.4.4.tgz",
      "integrity": "sha512-6P+Kx+hhyPEVhLmqjPkTjX3hk/R6eWlzH5qJ5F+4Kg1vEeLq3L8LX3S7j/48ShDT8Yl9iBzxzHvFjfCVEhEQ=="
    }
  }
}
